
Microsoft Visual Studio Solution File, Format Version 12.00
# Visual Studio Version 16
VisualStudioVersion = 16.0.31424.327
MinimumVisualStudioVersion = 10.0.40219.1
Project("{888888A0-9F3D-457C-B088-3A5042F75D52}") = "SegmentMRI", "SegmentMRI\SegmentMRI.pyproj", "{A8FF7C9A-9D39-4F58-A31B-1F310A46BA94}"
EndProject
Global
	GlobalSection(SolutionConfigurationPlatforms) = preSolution
		Debug|Any CPU = Debug|Any CPU
		Release|Any CPU = Release|Any CPU
	EndGlobalSection
	GlobalSection(ProjectConfigurationPlatforms) = postSolution
		{A8FF7C9A-9D39-4F58-A31B-1F310A46BA94}.Debug|Any CPU.ActiveCfg = Debug|Any CPU
		{A8FF7C9A-9D39-4F58-A31B-1F310A46BA94}.Release|Any CPU.ActiveCfg = Release|Any CPU
	EndGlobalSection
	GlobalSection(SolutionProperties) = preSolution
		HideSolutionNode = FALSE
	EndGlobalSection
	GlobalSection(ExtensibilityGlobals) = postSolution
		SolutionGuid = {3260D45D-5957-4935-95E7-466523C03866}
	EndGlobalSection
EndGlobal
